// !$*UTF8*$!
{
	archiveVersion = 1;
	classes = {
	};
	objectVersion = 46;
	objects = {

/* Begin PBXBuildFile section */
		4110C02E1CD5B473005C5B47 /* iAd.framework in Frameworks */ = {isa = PBXBuildFile; fileRef = 4110C02D1CD5B473005C5B47 /* iAd.framework */; };
		4110C0301CD5BC0B005C5B47 /* AdSupport.framework in Frameworks */ = {isa = PBXBuildFile; fileRef = 4110C02F1CD5BC0B005C5B47 /* AdSupport.framework */; };
		4110C0331CD5BEF3005C5B47 /* close@2x.png in Resources */ = {isa = PBXBuildFile; fileRef = 4110C0311CD5BEF3005C5B47 /* close@2x.png */; };
		4110C0341CD5BEF3005C5B47 /* close@3x.png in Resources */ = {isa = PBXBuildFile; fileRef = 4110C0321CD5BEF3005C5B47 /* close@3x.png */; };
		41769D041CD50D50009B1EF0 /* CustomLabel.m in Sources */ = {isa = PBXBuildFile; fileRef = 41769D031CD50D50009B1EF0 /* CustomLabel.m */; };
		41C190ED1CD5F17A00A9A535 /* Apple Chancery.ttf in Resources */ = {isa = PBXBuildFile; fileRef = 41C190EC1CD5F10F00A9A535 /* Apple Chancery.ttf */; };
		41C190EF1CD5F73A00A9A535 /* VANPERSIE.jpg in Resources */ = {isa = PBXBuildFile; fileRef = 41C190EE1CD5F73A00A9A535 /* VANPERSIE.jpg */; };
		41C190F11CD5F86600A9A535 /* XAVI.jpg in Resources */ = {isa = PBXBuildFile; fileRef = 41C190F01CD5F86600A9A535 /* XAVI.jpg */; };
		41C8FCF21CD279610057F6DE /* restart@2x.png in Resources */ = {isa = PBXBuildFile; fileRef = 41C8FCF01CD279610057F6DE /* restart@2x.png */; };
		41C8FCF31CD279610057F6DE /* restart@3x.png in Resources */ = {isa = PBXBuildFile; fileRef = 41C8FCF11CD279610057F6DE /* restart@3x.png */; };
		41DE8C821CCD1D52000FE789 /* LabelViewController.m in Sources */ = {isa = PBXBuildFile; fileRef = 41DE8C811CCD1D52000FE789 /* LabelViewController.m */; };
		41E800AC1CD3B84500788983 /* InstructionViewController.m in Sources */ = {isa = PBXBuildFile; fileRef = 41E800AB1CD3B84500788983 /* InstructionViewController.m */; };
		41EAC3D41CD19169005EE872 /* CASILLAS.jpg in Resources */ = {isa = PBXBuildFile; fileRef = 41EAC3CE1CD19169005EE872 /* CASILLAS.jpg */; };
		41EAC3D51CD19169005EE872 /* DEGEA.jpg in Resources */ = {isa = PBXBuildFile; fileRef = 41EAC3CF1CD19169005EE872 /* DEGEA.jpg */; };
		41EAC3D61CD19169005EE872 /* DIMARIA.jpg in Resources */ = {isa = PBXBuildFile; fileRef = 41EAC3D01CD19169005EE872 /* DIMARIA.jpg */; };
		41EAC3D71CD19169005EE872 /* KHEDIRA.jpg in Resources */ = {isa = PBXBuildFile; fileRef = 41EAC3D11CD19169005EE872 /* KHEDIRA.jpg */; };
		41EAC3D81CD19169005EE872 /* SNEIJDER.jpg in Resources */ = {isa = PBXBuildFile; fileRef = 41EAC3D21CD19169005EE872 /* SNEIJDER.jpg */; };
		41EAC3D91CD19169005EE872 /* ZIDANE.jpg in Resources */ = {isa = PBXBuildFile; fileRef = 41EAC3D31CD19169005EE872 /* ZIDANE.jpg */; };
		41EAC3DB1CD191C6005EE872 /* ALONSO.jpg in Resources */ = {isa = PBXBuildFile; fileRef = 41EAC3DA1CD191C6005EE872 /* ALONSO.jpg */; };
		41FBDCBA1A6C1BDA00588B51 /* share1.png in Resources */ = {isa = PBXBuildFile; fileRef = 41FBDCB91A6C1BDA00588B51 /* share1.png */; };
		41FBDCBE1A6C26C900588B51 /* share2@2x.png in Resources */ = {isa = PBXBuildFile; fileRef = 41FBDCBD1A6C26C900588B51 /* share2@2x.png */; };
		41FCC6261CD1223100E13076 /* BALE.jpg in Resources */ = {isa = PBXBuildFile; fileRef = 41FCC6051CD1223100E13076 /* BALE.jpg */; };
		41FCC6271CD1223100E13076 /* BECKHAM.jpg in Resources */ = {isa = PBXBuildFile; fileRef = 41FCC6061CD1223100E13076 /* BECKHAM.jpg */; };
		41FCC6281CD1223100E13076 /* COSTA.jpg in Resources */ = {isa = PBXBuildFile; fileRef = 41FCC6071CD1223100E13076 /* COSTA.jpg */; };
		41FCC6291CD1223100E13076 /* GIGGS.jpg in Resources */ = {isa = PBXBuildFile; fileRef = 41FCC6081CD1223100E13076 /* GIGGS.jpg */; };
		41FCC62A1CD1223100E13076 /* HAZARD.jpg in Resources */ = {isa = PBXBuildFile; fileRef = 41FCC6091CD1223100E13076 /* HAZARD.jpg */; };
		41FCC62B1CD1223100E13076 /* IBRA.jpg in Resources */ = {isa = PBXBuildFile; fileRef = 41FCC60A1CD1223100E13076 /* IBRA.jpg */; };
		41FCC62C1CD1223100E13076 /* INESTA.jpg in Resources */ = {isa = PBXBuildFile; fileRef = 41FCC60B1CD1223100E13076 /* INESTA.jpg */; };
		41FCC62D1CD1223100E13076 /* KAKA.jpg in Resources */ = {isa = PBXBuildFile; fileRef = 41FCC60C1CD1223100E13076 /* KAKA.jpg */; };
		41FCC62E1CD1223100E13076 /* MESSI.jpg in Resources */ = {isa = PBXBuildFile; fileRef = 41FCC60D1CD1223100E13076 /* MESSI.jpg */; };
		41FCC62F1CD1223100E13076 /* NEYMAR.jpg in Resources */ = {isa = PBXBuildFile; fileRef = 41FCC60E1CD1223100E13076 /* NEYMAR.jpg */; };
		41FCC6301CD1223100E13076 /* NUER.jpg in Resources */ = {isa = PBXBuildFile; fileRef = 41FCC60F1CD1223100E13076 /* NUER.jpg */; };
		41FCC6311CD1223100E13076 /* OZIL.jpg in Resources */ = {isa = PBXBuildFile; fileRef = 41FCC6101CD1223100E13076 /* OZIL.jpg */; };
		41FCC6321CD1223100E13076 /* PIQUE.jpg in Resources */ = {isa = PBXBuildFile; fileRef = 41FCC6111CD1223100E13076 /* PIQUE.jpg */; };
		41FCC6331CD1223100E13076 /* PIRLO.jpg in Resources */ = {isa = PBXBuildFile; fileRef = 41FCC6121CD1223100E13076 /* PIRLO.jpg */; };
		41FCC6341CD1223100E13076 /* RAMOS.jpg in Resources */ = {isa = PBXBuildFile; fileRef = 41FCC6131CD1223100E13076 /* RAMOS.jpg */; };
		41FCC6351CD1223100E13076 /* ROBEN.jpg in Resources */ = {isa = PBXBuildFile; fileRef = 41FCC6141CD1223100E13076 /* ROBEN.jpg */; };
		41FCC6361CD1223100E13076 /* RONALDINHO.jpg in Resources */ = {isa = PBXBuildFile; fileRef = 41FCC6151CD1223100E13076 /* RONALDINHO.jpg */; };
		41FCC6371CD1223100E13076 /* RONALDO.jpg in Resources */ = {isa = PBXBuildFile; fileRef = 41FCC6161CD1223100E13076 /* RONALDO.jpg */; };
		41FCC6381CD1223100E13076 /* ROONEY.jpg in Resources */ = {isa = PBXBuildFile; fileRef = 41FCC6171CD1223100E13076 /* ROONEY.jpg */; };
		41FCC6391CD1223100E13076 /* SAUREZ.jpg in Resources */ = {isa = PBXBuildFile; fileRef = 41FCC6181CD1223100E13076 /* SAUREZ.jpg */; };
		41FCC63A1CD1223100E13076 /* SILVA.jpg in Resources */ = {isa = PBXBuildFile; fileRef = 41FCC6191CD1223100E13076 /* SILVA.jpg */; };
		41FCC63C1CD1223100E13076 /* VILLA.jpg in Resources */ = {isa = PBXBuildFile; fileRef = 41FCC61B1CD1223100E13076 /* VILLA.jpg */; };
		41FCC6401CD1258D00E13076 /* Test.plist in Resources */ = {isa = PBXBuildFile; fileRef = 41FCC63F1CD1258D00E13076 /* Test.plist */; };
		5361BB851CD5206300CE05C2 /* music_on.png in Resources */ = {isa = PBXBuildFile; fileRef = 5361BB821CD5206300CE05C2 /* music_on.png */; };
		5361BB861CD5206300CE05C2 /* music_on@2x.png in Resources */ = {isa = PBXBuildFile; fileRef = 5361BB831CD5206300CE05C2 /* music_on@2x.png */; };
		5361BB871CD5206300CE05C2 /* music_on@3x.png in Resources */ = {isa = PBXBuildFile; fileRef = 5361BB841CD5206300CE05C2 /* music_on@3x.png */; };
		5361BB8B1CD520B700CE05C2 /* music_off.png in Resources */ = {isa = PBXBuildFile; fileRef = 5361BB881CD520B700CE05C2 /* music_off.png */; };
		5361BB8C1CD520B700CE05C2 /* music_off@2x.png in Resources */ = {isa = PBXBuildFile; fileRef = 5361BB891CD520B700CE05C2 /* music_off@2x.png */; };
		5361BB8D1CD520B700CE05C2 /* music_off@3x.png in Resources */ = {isa = PBXBuildFile; fileRef = 5361BB8A1CD520B700CE05C2 /* music_off@3x.png */; };
		5361BB9D1CD5238800CE05C2 /* sound_off.png in Resources */ = {isa = PBXBuildFile; fileRef = 5361BB9A1CD5238800CE05C2 /* sound_off.png */; };
		5361BB9E1CD5238800CE05C2 /* sound_off@2x.png in Resources */ = {isa = PBXBuildFile; fileRef = 5361BB9B1CD5238800CE05C2 /* sound_off@2x.png */; };
		5361BB9F1CD5238800CE05C2 /* sound_off@3x.png in Resources */ = {isa = PBXBuildFile; fileRef = 5361BB9C1CD5238800CE05C2 /* sound_off@3x.png */; };
		5361BBA31CD5251200CE05C2 /* sound_on.png in Resources */ = {isa = PBXBuildFile; fileRef = 5361BBA01CD5251200CE05C2 /* sound_on.png */; };
		5361BBA41CD5251200CE05C2 /* sound_on@2x.png in Resources */ = {isa = PBXBuildFile; fileRef = 5361BBA11CD5251200CE05C2 /* sound_on@2x.png */; };
		5361BBA51CD5251200CE05C2 /* sound_on@3x.png in Resources */ = {isa = PBXBuildFile; fileRef = 5361BBA21CD5251200CE05C2 /* sound_on@3x.png */; };
		5361BBA91CD5268400CE05C2 /* info.png in Resources */ = {isa = PBXBuildFile; fileRef = 5361BBA61CD5268400CE05C2 /* info.png */; };
		5361BBAA1CD5268400CE05C2 /* info@2x.png in Resources */ = {isa = PBXBuildFile; fileRef = 5361BBA71CD5268400CE05C2 /* info@2x.png */; };
		5361BBAB1CD5268400CE05C2 /* info@3x.png in Resources */ = {isa = PBXBuildFile; fileRef = 5361BBA81CD5268400CE05C2 /* info@3x.png */; };
		5361BBAF1CD52B4A00CE05C2 /* back.png in Resources */ = {isa = PBXBuildFile; fileRef = 5361BBAC1CD52B4A00CE05C2 /* back.png */; };
		5361BBB01CD52B4A00CE05C2 /* back@2x.png in Resources */ = {isa = PBXBuildFile; fileRef = 5361BBAD1CD52B4A00CE05C2 /* back@2x.png */; };
		5361BBB11CD52B4A00CE05C2 /* back@3x.png in Resources */ = {isa = PBXBuildFile; fileRef = 5361BBAE1CD52B4A00CE05C2 /* back@3x.png */; };
		5361BBB81CD52F7A00CE05C2 /* lock.png in Resources */ = {isa = PBXBuildFile; fileRef = 5361BBB21CD52F7A00CE05C2 /* lock.png */; };
		5361BBB91CD52F7A00CE05C2 /* lock@2x.png in Resources */ = {isa = PBXBuildFile; fileRef = 5361BBB31CD52F7A00CE05C2 /* lock@2x.png */; };
		5361BBBA1CD52F7A00CE05C2 /* lock@3x.png in Resources */ = {isa = PBXBuildFile; fileRef = 5361BBB41CD52F7A00CE05C2 /* lock@3x.png */; };
		5361BBBB1CD52F7A00CE05C2 /* unlock.png in Resources */ = {isa = PBXBuildFile; fileRef = 5361BBB51CD52F7A00CE05C2 /* unlock.png */; };
		5361BBBC1CD52F7A00CE05C2 /* unlock@2x.png in Resources */ = {isa = PBXBuildFile; fileRef = 5361BBB61CD52F7A00CE05C2 /* unlock@2x.png */; };
		5361BBBD1CD52F7A00CE05C2 /* unlock@3x.png in Resources */ = {isa = PBXBuildFile; fileRef = 5361BBB71CD52F7A00CE05C2 /* unlock@3x.png */; };
		5361BBC71CD5314400CE05C2 /* reset.png in Resources */ = {isa = PBXBuildFile; fileRef = 5361BBC41CD5314400CE05C2 /* reset.png */; };
		5361BBC81CD5314400CE05C2 /* reset@2x.png in Resources */ = {isa = PBXBuildFile; fileRef = 5361BBC51CD5314400CE05C2 /* reset@2x.png */; };
		5361BBC91CD5314400CE05C2 /* reset@3x.png in Resources */ = {isa = PBXBuildFile; fileRef = 5361BBC61CD5314400CE05C2 /* reset@3x.png */; };
		538F59061CD5D0FA0067A6F0 /* MARADONA.jpg in Resources */ = {isa = PBXBuildFile; fileRef = 538F59041CD5D0FA0067A6F0 /* MARADONA.jpg */; };
		538F59071CD5D0FA0067A6F0 /* PELE.jpg in Resources */ = {isa = PBXBuildFile; fileRef = 538F59051CD5D0FA0067A6F0 /* PELE.jpg */; };
		53A957841CC805D90013EE51 /* background_music2.wav in Resources */ = {isa = PBXBuildFile; fileRef = 53A957831CC805D90013EE51 /* background_music2.wav */; };
		7E3DE3441A5072290034B85A /* main.m in Sources */ = {isa = PBXBuildFile; fileRef = 7E3DE3431A5072290034B85A /* main.m */; };
		7E3DE3471A5072290034B85A /* AppDelegate.m in Sources */ = {isa = PBXBuildFile; fileRef = 7E3DE3461A5072290034B85A /* AppDelegate.m */; };
		7E3DE34A1A5072290034B85A /* GamePlayViewController.m in Sources */ = {isa = PBXBuildFile; fileRef = 7E3DE3491A5072290034B85A /* GamePlayViewController.m */; };
		7E3DE34D1A5072290034B85A /* Main.storyboard in Resources */ = {isa = PBXBuildFile; fileRef = 7E3DE34B1A5072290034B85A /* Main.storyboard */; };
		7E3DE34F1A5072290034B85A /* Images.xcassets in Resources */ = {isa = PBXBuildFile; fileRef = 7E3DE34E1A5072290034B85A /* Images.xcassets */; };
		7E3DE3521A5072290034B85A /* LaunchScreen.xib in Resources */ = {isa = PBXBuildFile; fileRef = 7E3DE3501A5072290034B85A /* LaunchScreen.xib */; };
		7E3DE35E1A5072290034B85A /* GuessCelebrityTests.m in Sources */ = {isa = PBXBuildFile; fileRef = 7E3DE35D1A5072290034B85A /* GuessCelebrityTests.m */; };
		7E3DE3691A5073360034B85A /* ImageGrid.m in Sources */ = {isa = PBXBuildFile; fileRef = 7E3DE3681A5073360034B85A /* ImageGrid.m */; };
		7E5293981A681F8100433133 /* Celebrity.plist in Resources */ = {isa = PBXBuildFile; fileRef = 7E5293971A681F8100433133 /* Celebrity.plist */; };
		7E55830C1A56F1730091D011 /* rolando.jpeg in Resources */ = {isa = PBXBuildFile; fileRef = 7E55830A1A56F1730091D011 /* rolando.jpeg */; };
		7E5583101A57015B0091D011 /* tap-sound.mp3 in Resources */ = {isa = PBXBuildFile; fileRef = 7E55830F1A57015B0091D011 /* tap-sound.mp3 */; };
		7E5583121A57023B0091D011 /* AudioToolbox.framework in Frameworks */ = {isa = PBXBuildFile; fileRef = 7E5583111A57023B0091D011 /* AudioToolbox.framework */; };
		7E5583141A5702D40091D011 /* AVFoundation.framework in Frameworks */ = {isa = PBXBuildFile; fileRef = 7E5583131A5702D40091D011 /* AVFoundation.framework */; };
		7E87A3231A641C1C00056128 /* grid.jpg in Resources */ = {isa = PBXBuildFile; fileRef = 7E87A3221A641C1C00056128 /* grid.jpg */; };
		7E87A3261A64359C00056128 /* InitialViewController.m in Sources */ = {isa = PBXBuildFile; fileRef = 7E87A3251A64359C00056128 /* InitialViewController.m */; };
		7E9681271A598AA3005F27B6 /* PrepareString.m in Sources */ = {isa = PBXBuildFile; fileRef = 7E9681261A598AA3005F27B6 /* PrepareString.m */; };
		7EA757411A66DBAC00D97EE0 /* GameController.m in Sources */ = {isa = PBXBuildFile; fileRef = 7EA757401A66DBAC00D97EE0 /* GameController.m */; };
/* End PBXBuildFile section */

/* Begin PBXContainerItemProxy section */
		7E3DE3581A5072290034B85A /* PBXContainerItemProxy */ = {
			isa = PBXContainerItemProxy;
			containerPortal = 7E3DE3361A5072290034B85A /* Project object */;
			proxyType = 1;
			remoteGlobalIDString = 7E3DE33D1A5072290034B85A;
			remoteInfo = GuessCelebrity;
		};
/* End PBXContainerItemProxy section */

/* Begin PBXFileReference section */
		4110C02D1CD5B473005C5B47 /* iAd.framework */ = {isa = PBXFileReference; lastKnownFileType = wrapper.framework; name = iAd.framework; path = System/Library/Frameworks/iAd.framework; sourceTree = SDKROOT; };
		4110C02F1CD5BC0B005C5B47 /* AdSupport.framework */ = {isa = PBXFileReference; lastKnownFileType = wrapper.framework; name = AdSupport.framework; path = System/Library/Frameworks/AdSupport.framework; sourceTree = SDKROOT; };
		4110C0311CD5BEF3005C5B47 /* close@2x.png */ = {isa = PBXFileReference; lastKnownFileType = image.png; path = "close@2x.png"; sourceTree = "<group>"; };
		4110C0321CD5BEF3005C5B47 /* close@3x.png */ = {isa = PBXFileReference; lastKnownFileType = image.png; path = "close@3x.png"; sourceTree = "<group>"; };
		41769D021CD50D50009B1EF0 /* CustomLabel.h */ = {isa = PBXFileReference; fileEncoding = 4; lastKnownFileType = sourcecode.c.h; path = CustomLabel.h; sourceTree = "<group>"; };
		41769D031CD50D50009B1EF0 /* CustomLabel.m */ = {isa = PBXFileReference; fileEncoding = 4; lastKnownFileType = sourcecode.c.objc; path = CustomLabel.m; sourceTree = "<group>"; };
		41C190EC1CD5F10F00A9A535 /* Apple Chancery.ttf */ = {isa = PBXFileReference; lastKnownFileType = file; path = "Apple Chancery.ttf"; sourceTree = "<group>"; };
		41C190EE1CD5F73A00A9A535 /* VANPERSIE.jpg */ = {isa = PBXFileReference; lastKnownFileType = image.jpeg; path = VANPERSIE.jpg; sourceTree = "<group>"; };
		41C190F01CD5F86600A9A535 /* XAVI.jpg */ = {isa = PBXFileReference; lastKnownFileType = image.jpeg; path = XAVI.jpg; sourceTree = "<group>"; };
		41C8FCF01CD279610057F6DE /* restart@2x.png */ = {isa = PBXFileReference; lastKnownFileType = image.png; path = "restart@2x.png"; sourceTree = "<group>"; };
		41C8FCF11CD279610057F6DE /* restart@3x.png */ = {isa = PBXFileReference; lastKnownFileType = image.png; path = "restart@3x.png"; sourceTree = "<group>"; };
		41DE8C801CCD1D52000FE789 /* LabelViewController.h */ = {isa = PBXFileReference; fileEncoding = 4; lastKnownFileType = sourcecode.c.h; path = LabelViewController.h; sourceTree = "<group>"; };
		41DE8C811CCD1D52000FE789 /* LabelViewController.m */ = {isa = PBXFileReference; fileEncoding = 4; lastKnownFileType = sourcecode.c.objc; path = LabelViewController.m; sourceTree = "<group>"; };
		41E800AA1CD3B84500788983 /* InstructionViewController.h */ = {isa = PBXFileReference; fileEncoding = 4; lastKnownFileType = sourcecode.c.h; path = InstructionViewController.h; sourceTree = "<group>"; };
		41E800AB1CD3B84500788983 /* InstructionViewController.m */ = {isa = PBXFileReference; fileEncoding = 4; lastKnownFileType = sourcecode.c.objc; path = InstructionViewController.m; sourceTree = "<group>"; };
		41EAC3CE1CD19169005EE872 /* CASILLAS.jpg */ = {isa = PBXFileReference; lastKnownFileType = image.jpeg; path = CASILLAS.jpg; sourceTree = "<group>"; };
		41EAC3CF1CD19169005EE872 /* DEGEA.jpg */ = {isa = PBXFileReference; lastKnownFileType = image.jpeg; path = DEGEA.jpg; sourceTree = "<group>"; };
		41EAC3D01CD19169005EE872 /* DIMARIA.jpg */ = {isa = PBXFileReference; lastKnownFileType = image.jpeg; path = DIMARIA.jpg; sourceTree = "<group>"; };
		41EAC3D11CD19169005EE872 /* KHEDIRA.jpg */ = {isa = PBXFileReference; lastKnownFileType = image.jpeg; path = KHEDIRA.jpg; sourceTree = "<group>"; };
		41EAC3D21CD19169005EE872 /* SNEIJDER.jpg */ = {isa = PBXFileReference; lastKnownFileType = image.jpeg; path = SNEIJDER.jpg; sourceTree = "<group>"; };
		41EAC3D31CD19169005EE872 /* ZIDANE.jpg */ = {isa = PBXFileReference; lastKnownFileType = image.jpeg; path = ZIDANE.jpg; sourceTree = "<group>"; };
		41EAC3DA1CD191C6005EE872 /* ALONSO.jpg */ = {isa = PBXFileReference; lastKnownFileType = image.jpeg; path = ALONSO.jpg; sourceTree = "<group>"; };
		41FBDCB91A6C1BDA00588B51 /* share1.png */ = {isa = PBXFileReference; lastKnownFileType = image.png; path = share1.png; sourceTree = "<group>"; };
		41FBDCBD1A6C26C900588B51 /* share2@2x.png */ = {isa = PBXFileReference; lastKnownFileType = image.png; path = "share2@2x.png"; sourceTree = "<group>"; };
		41FCC6051CD1223100E13076 /* BALE.jpg */ = {isa = PBXFileReference; lastKnownFileType = image.jpeg; path = BALE.jpg; sourceTree = "<group>"; };
		41FCC6061CD1223100E13076 /* BECKHAM.jpg */ = {isa = PBXFileReference; lastKnownFileType = image.jpeg; path = BECKHAM.jpg; sourceTree = "<group>"; };
		41FCC6071CD1223100E13076 /* COSTA.jpg */ = {isa = PBXFileReference; lastKnownFileType = image.jpeg; path = COSTA.jpg; sourceTree = "<group>"; };
		41FCC6081CD1223100E13076 /* GIGGS.jpg */ = {isa = PBXFileReference; lastKnownFileType = image.jpeg; path = GIGGS.jpg; sourceTree = "<group>"; };
		41FCC6091CD1223100E13076 /* HAZARD.jpg */ = {isa = PBXFileReference; lastKnownFileType = image.jpeg; path = HAZARD.jpg; sourceTree = "<group>"; };
		41FCC60A1CD1223100E13076 /* IBRA.jpg */ = {isa = PBXFileReference; lastKnownFileType = image.jpeg; path = IBRA.jpg; sourceTree = "<group>"; };
		41FCC60B1CD1223100E13076 /* INESTA.jpg */ = {isa = PBXFileReference; lastKnownFileType = image.jpeg; path = INESTA.jpg; sourceTree = "<group>"; };
		41FCC60C1CD1223100E13076 /* KAKA.jpg */ = {isa = PBXFileReference; lastKnownFileType = image.jpeg; path = KAKA.jpg; sourceTree = "<group>"; };
		41FCC60D1CD1223100E13076 /* MESSI.jpg */ = {isa = PBXFileReference; lastKnownFileType = image.jpeg; path = MESSI.jpg; sourceTree = "<group>"; };
		41FCC60E1CD1223100E13076 /* NEYMAR.jpg */ = {isa = PBXFileReference; lastKnownFileType = image.jpeg; path = NEYMAR.jpg; sourceTree = "<group>"; };
		41FCC60F1CD1223100E13076 /* NUER.jpg */ = {isa = PBXFileReference; lastKnownFileType = image.jpeg; path = NUER.jpg; sourceTree = "<group>"; };
		41FCC6101CD1223100E13076 /* OZIL.jpg */ = {isa = PBXFileReference; lastKnownFileType = image.jpeg; path = OZIL.jpg; sourceTree = "<group>"; };
		41FCC6111CD1223100E13076 /* PIQUE.jpg */ = {isa = PBXFileReference; lastKnownFileType = image.jpeg; path = PIQUE.jpg; sourceTree = "<group>"; };
		41FCC6121CD1223100E13076 /* PIRLO.jpg */ = {isa = PBXFileReference; lastKnownFileType = image.jpeg; path = PIRLO.jpg; sourceTree = "<group>"; };
		41FCC6131CD1223100E13076 /* RAMOS.jpg */ = {isa = PBXFileReference; lastKnownFileType = image.jpeg; path = RAMOS.jpg; sourceTree = "<group>"; };
		41FCC6141CD1223100E13076 /* ROBEN.jpg */ = {isa = PBXFileReference; lastKnownFileType = image.jpeg; path = ROBEN.jpg; sourceTree = "<group>"; };
		41FCC6151CD1223100E13076 /* RONALDINHO.jpg */ = {isa = PBXFileReference; lastKnownFileType = image.jpeg; path = RONALDINHO.jpg; sourceTree = "<group>"; };
		41FCC6161CD1223100E13076 /* RONALDO.jpg */ = {isa = PBXFileReference; lastKnownFileType = image.jpeg; path = RONALDO.jpg; sourceTree = "<group>"; };
		41FCC6171CD1223100E13076 /* ROONEY.jpg */ = {isa = PBXFileReference; lastKnownFileType = image.jpeg; path = ROONEY.jpg; sourceTree = "<group>"; };
		41FCC6181CD1223100E13076 /* SAUREZ.jpg */ = {isa = PBXFileReference; lastKnownFileType = image.jpeg; path = SAUREZ.jpg; sourceTree = "<group>"; };
		41FCC6191CD1223100E13076 /* SILVA.jpg */ = {isa = PBXFileReference; lastKnownFileType = image.jpeg; path = SILVA.jpg; sourceTree = "<group>"; };
		41FCC61B1CD1223100E13076 /* VILLA.jpg */ = {isa = PBXFileReference; lastKnownFileType = image.jpeg; path = VILLA.jpg; sourceTree = "<group>"; };
		41FCC63F1CD1258D00E13076 /* Test.plist */ = {isa = PBXFileReference; fileEncoding = 4; lastKnownFileType = text.plist.xml; path = Test.plist; sourceTree = "<group>"; };
		5361BB821CD5206300CE05C2 /* music_on.png */ = {isa = PBXFileReference; lastKnownFileType = image.png; path = music_on.png; sourceTree = "<group>"; };
		5361BB831CD5206300CE05C2 /* music_on@2x.png */ = {isa = PBXFileReference; lastKnownFileType = image.png; path = "music_on@2x.png"; sourceTree = "<group>"; };
		5361BB841CD5206300CE05C2 /* music_on@3x.png */ = {isa = PBXFileReference; lastKnownFileType = image.png; path = "music_on@3x.png"; sourceTree = "<group>"; };
		5361BB881CD520B700CE05C2 /* music_off.png */ = {isa = PBXFileReference; lastKnownFileType = image.png; path = music_off.png; sourceTree = "<group>"; };
		5361BB891CD520B700CE05C2 /* music_off@2x.png */ = {isa = PBXFileReference; lastKnownFileType = image.png; path = "music_off@2x.png"; sourceTree = "<group>"; };
		5361BB8A1CD520B700CE05C2 /* music_off@3x.png */ = {isa = PBXFileReference; lastKnownFileType = image.png; path = "music_off@3x.png"; sourceTree = "<group>"; };
		5361BB9A1CD5238800CE05C2 /* sound_off.png */ = {isa = PBXFileReference; lastKnownFileType = image.png; path = sound_off.png; sourceTree = "<group>"; };
		5361BB9B1CD5238800CE05C2 /* sound_off@2x.png */ = {isa = PBXFileReference; lastKnownFileType = image.png; path = "sound_off@2x.png"; sourceTree = "<group>"; };
		5361BB9C1CD5238800CE05C2 /* sound_off@3x.png */ = {isa = PBXFileReference; lastKnownFileType = image.png; path = "sound_off@3x.png"; sourceTree = "<group>"; };
		5361BBA01CD5251200CE05C2 /* sound_on.png */ = {isa = PBXFileReference; lastKnownFileType = image.png; path = sound_on.png; sourceTree = "<group>"; };
		5361BBA11CD5251200CE05C2 /* sound_on@2x.png */ = {isa = PBXFileReference; lastKnownFileType = image.png; path = "sound_on@2x.png"; sourceTree = "<group>"; };
		5361BBA21CD5251200CE05C2 /* sound_on@3x.png */ = {isa = PBXFileReference; lastKnownFileType = image.png; path = "sound_on@3x.png"; sourceTree = "<group>"; };
		5361BBA61CD5268400CE05C2 /* info.png */ = {isa = PBXFileReference; lastKnownFileType = image.png; path = info.png; sourceTree = "<group>"; };
		5361BBA71CD5268400CE05C2 /* info@2x.png */ = {isa = PBXFileReference; lastKnownFileType = image.png; path = "info@2x.png"; sourceTree = "<group>"; };
		5361BBA81CD5268400CE05C2 /* info@3x.png */ = {isa = PBXFileReference; lastKnownFileType = image.png; path = "info@3x.png"; sourceTree = "<group>"; };
		5361BBAC1CD52B4A00CE05C2 /* back.png */ = {isa = PBXFileReference; lastKnownFileType = image.png; path = back.png; sourceTree = "<group>"; };
		5361BBAD1CD52B4A00CE05C2 /* back@2x.png */ = {isa = PBXFileReference; lastKnownFileType = image.png; path = "back@2x.png"; sourceTree = "<group>"; };
		5361BBAE1CD52B4A00CE05C2 /* back@3x.png */ = {isa = PBXFileReference; lastKnownFileType = image.png; path = "back@3x.png"; sourceTree = "<group>"; };
		5361BBB21CD52F7A00CE05C2 /* lock.png */ = {isa = PBXFileReference; lastKnownFileType = image.png; path = lock.png; sourceTree = "<group>"; };
		5361BBB31CD52F7A00CE05C2 /* lock@2x.png */ = {isa = PBXFileReference; lastKnownFileType = image.png; path = "lock@2x.png"; sourceTree = "<group>"; };
		5361BBB41CD52F7A00CE05C2 /* lock@3x.png */ = {isa = PBXFileReference; lastKnownFileType = image.png; path = "lock@3x.png"; sourceTree = "<group>"; };
		5361BBB51CD52F7A00CE05C2 /* unlock.png */ = {isa = PBXFileReference; lastKnownFileType = image.png; path = unlock.png; sourceTree = "<group>"; };
		5361BBB61CD52F7A00CE05C2 /* unlock@2x.png */ = {isa = PBXFileReference; lastKnownFileType = image.png; path = "unlock@2x.png"; sourceTree = "<group>"; };
		5361BBB71CD52F7A00CE05C2 /* unlock@3x.png */ = {isa = PBXFileReference; lastKnownFileType = image.png; path = "unlock@3x.png"; sourceTree = "<group>"; };
		5361BBC41CD5314400CE05C2 /* reset.png */ = {isa = PBXFileReference; lastKnownFileType = image.png; path = reset.png; sourceTree = "<group>"; };
		5361BBC51CD5314400CE05C2 /* reset@2x.png */ = {isa = PBXFileReference; lastKnownFileType = image.png; path = "reset@2x.png"; sourceTree = "<group>"; };
		5361BBC61CD5314400CE05C2 /* reset@3x.png */ = {isa = PBXFileReference; lastKnownFileType = image.png; path = "reset@3x.png"; sourceTree = "<group>"; };
		538F59041CD5D0FA0067A6F0 /* MARADONA.jpg */ = {isa = PBXFileReference; lastKnownFileType = image.jpeg; path = MARADONA.jpg; sourceTree = "<group>"; };
		538F59051CD5D0FA0067A6F0 /* PELE.jpg */ = {isa = PBXFileReference; lastKnownFileType = image.jpeg; path = PELE.jpg; sourceTree = "<group>"; };
		53A957831CC805D90013EE51 /* background_music2.wav */ = {isa = PBXFileReference; lastKnownFileType = audio.wav; path = background_music2.wav; sourceTree = "<group>"; };
		7E3DE33E1A5072290034B85A /* GuessThePlayers.app */ = {isa = PBXFileReference; explicitFileType = wrapper.application; includeInIndex = 0; path = GuessThePlayers.app; sourceTree = BUILT_PRODUCTS_DIR; };
		7E3DE3421A5072290034B85A /* Info.plist */ = {isa = PBXFileReference; lastKnownFileType = text.plist.xml; path = Info.plist; sourceTree = "<group>"; };
		7E3DE3431A5072290034B85A /* main.m */ = {isa = PBXFileReference; lastKnownFileType = sourcecode.c.objc; path = main.m; sourceTree = "<group>"; };
		7E3DE3451A5072290034B85A /* AppDelegate.h */ = {isa = PBXFileReference; lastKnownFileType = sourcecode.c.h; path = AppDelegate.h; sourceTree = "<group>"; };
		7E3DE3461A5072290034B85A /* AppDelegate.m */ = {isa = PBXFileReference; lastKnownFileType = sourcecode.c.objc; path = AppDelegate.m; sourceTree = "<group>"; };
		7E3DE3481A5072290034B85A /* GamePlayViewController.h */ = {isa = PBXFileReference; lastKnownFileType = sourcecode.c.h; path = GamePlayViewController.h; sourceTree = "<group>"; };
		7E3DE3491A5072290034B85A /* GamePlayViewController.m */ = {isa = PBXFileReference; lastKnownFileType = sourcecode.c.objc; path = GamePlayViewController.m; sourceTree = "<group>"; wrapsLines = 0; };
		7E3DE34C1A5072290034B85A /* Base */ = {isa = PBXFileReference; lastKnownFileType = file.storyboard; name = Base; path = Base.lproj/Main.storyboard; sourceTree = "<group>"; };
		7E3DE34E1A5072290034B85A /* Images.xcassets */ = {isa = PBXFileReference; lastKnownFileType = folder.assetcatalog; path = Images.xcassets; sourceTree = "<group>"; };
		7E3DE3511A5072290034B85A /* Base */ = {isa = PBXFileReference; lastKnownFileType = file.xib; name = Base; path = Base.lproj/LaunchScreen.xib; sourceTree = "<group>"; };
		7E3DE3571A5072290034B85A /* GuessThePlayers.xctest */ = {isa = PBXFileReference; explicitFileType = wrapper.cfbundle; includeInIndex = 0; path = GuessThePlayers.xctest; sourceTree = BUILT_PRODUCTS_DIR; };
		7E3DE35C1A5072290034B85A /* Info.plist */ = {isa = PBXFileReference; lastKnownFileType = text.plist.xml; path = Info.plist; sourceTree = "<group>"; };
		7E3DE35D1A5072290034B85A /* GuessCelebrityTests.m */ = {isa = PBXFileReference; lastKnownFileType = sourcecode.c.objc; path = GuessCelebrityTests.m; sourceTree = "<group>"; };
		7E3DE3671A5073360034B85A /* ImageGrid.h */ = {isa = PBXFileReference; fileEncoding = 4; lastKnownFileType = sourcecode.c.h; path = ImageGrid.h; sourceTree = "<group>"; };
		7E3DE3681A5073360034B85A /* ImageGrid.m */ = {isa = PBXFileReference; fileEncoding = 4; lastKnownFileType = sourcecode.c.objc; path = ImageGrid.m; sourceTree = "<group>"; };
		7E5293971A681F8100433133 /* Celebrity.plist */ = {isa = PBXFileReference; fileEncoding = 4; lastKnownFileType = text.plist.xml; path = Celebrity.plist; sourceTree = "<group>"; };
		7E55830A1A56F1730091D011 /* rolando.jpeg */ = {isa = PBXFileReference; lastKnownFileType = image.jpeg; path = rolando.jpeg; sourceTree = "<group>"; };
		7E55830F1A57015B0091D011 /* tap-sound.mp3 */ = {isa = PBXFileReference; lastKnownFileType = audio.mp3; path = "tap-sound.mp3"; sourceTree = "<group>"; };
		7E5583111A57023B0091D011 /* AudioToolbox.framework */ = {isa = PBXFileReference; lastKnownFileType = wrapper.framework; name = AudioToolbox.framework; path = System/Library/Frameworks/AudioToolbox.framework; sourceTree = SDKROOT; };
		7E5583131A5702D40091D011 /* AVFoundation.framework */ = {isa = PBXFileReference; lastKnownFileType = wrapper.framework; name = AVFoundation.framework; path = System/Library/Frameworks/AVFoundation.framework; sourceTree = SDKROOT; };
		7E5583151A5706A90091D011 /* Global.h */ = {isa = PBXFileReference; fileEncoding = 4; lastKnownFileType = sourcecode.c.h; path = Global.h; sourceTree = "<group>"; };
		7E87A3221A641C1C00056128 /* grid.jpg */ = {isa = PBXFileReference; lastKnownFileType = image.jpeg; path = grid.jpg; sourceTree = "<group>"; };
		7E87A3241A64359C00056128 /* InitialViewController.h */ = {isa = PBXFileReference; fileEncoding = 4; lastKnownFileType = sourcecode.c.h; path = InitialViewController.h; sourceTree = "<group>"; };
		7E87A3251A64359C00056128 /* InitialViewController.m */ = {isa = PBXFileReference; fileEncoding = 4; lastKnownFileType = sourcecode.c.objc; path = InitialViewController.m; sourceTree = "<group>"; };
		7E9681251A598AA3005F27B6 /* PrepareString.h */ = {isa = PBXFileReference; fileEncoding = 4; lastKnownFileType = sourcecode.c.h; path = PrepareString.h; sourceTree = "<group>"; };
		7E9681261A598AA3005F27B6 /* PrepareString.m */ = {isa = PBXFileReference; fileEncoding = 4; lastKnownFileType = sourcecode.c.objc; path = PrepareString.m; sourceTree = "<group>"; };
		7EA7573F1A66DBAC00D97EE0 /* GameController.h */ = {isa = PBXFileReference; fileEncoding = 4; lastKnownFileType = sourcecode.c.h; path = GameController.h; sourceTree = "<group>"; };
		7EA757401A66DBAC00D97EE0 /* GameController.m */ = {isa = PBXFileReference; fileEncoding = 4; lastKnownFileType = sourcecode.c.objc; path = GameController.m; sourceTree = "<group>"; };
/* End PBXFileReference section */

/* Begin PBXFrameworksBuildPhase section */
		7E3DE33B1A5072290034B85A /* Frameworks */ = {
			isa = PBXFrameworksBuildPhase;
			buildActionMask = 2147483647;
			files = (
				4110C0301CD5BC0B005C5B47 /* AdSupport.framework in Frameworks */,
				4110C02E1CD5B473005C5B47 /* iAd.framework in Frameworks */,
				7E5583141A5702D40091D011 /* AVFoundation.framework in Frameworks */,
				7E5583121A57023B0091D011 /* AudioToolbox.framework in Frameworks */,
			);
			runOnlyForDeploymentPostprocessing = 0;
		};
		7E3DE3541A5072290034B85A /* Frameworks */ = {
			isa = PBXFrameworksBuildPhase;
			buildActionMask = 2147483647;
			files = (
			);
			runOnlyForDeploymentPostprocessing = 0;
		};
/* End PBXFrameworksBuildPhase section */

/* Begin PBXGroup section */
		41769D011CD50D0B009B1EF0 /* CustomView */ = {
			isa = PBXGroup;
			children = (
				41769D021CD50D50009B1EF0 /* CustomLabel.h */,
				41769D031CD50D50009B1EF0 /* CustomLabel.m */,
			);
			name = CustomView;
			sourceTree = "<group>";
		};
		41FCC5FC1CD121FF00E13076 /* Celbrity */ = {
			isa = PBXGroup;
			children = (
				538F59041CD5D0FA0067A6F0 /* MARADONA.jpg */,
				538F59051CD5D0FA0067A6F0 /* PELE.jpg */,
				41C190EE1CD5F73A00A9A535 /* VANPERSIE.jpg */,
				41EAC3DA1CD191C6005EE872 /* ALONSO.jpg */,
				41EAC3CE1CD19169005EE872 /* CASILLAS.jpg */,
				41EAC3CF1CD19169005EE872 /* DEGEA.jpg */,
				41EAC3D01CD19169005EE872 /* DIMARIA.jpg */,
				41EAC3D11CD19169005EE872 /* KHEDIRA.jpg */,
				41EAC3D21CD19169005EE872 /* SNEIJDER.jpg */,
				41EAC3D31CD19169005EE872 /* ZIDANE.jpg */,
				41FCC6051CD1223100E13076 /* BALE.jpg */,
				41FCC6061CD1223100E13076 /* BECKHAM.jpg */,
				41FCC6071CD1223100E13076 /* COSTA.jpg */,
				41FCC6081CD1223100E13076 /* GIGGS.jpg */,
				41FCC6091CD1223100E13076 /* HAZARD.jpg */,
				41FCC60A1CD1223100E13076 /* IBRA.jpg */,
				41FCC60B1CD1223100E13076 /* INESTA.jpg */,
				41FCC60C1CD1223100E13076 /* KAKA.jpg */,
				41FCC60D1CD1223100E13076 /* MESSI.jpg */,
				41FCC60E1CD1223100E13076 /* NEYMAR.jpg */,
				41FCC60F1CD1223100E13076 /* NUER.jpg */,
				41FCC6101CD1223100E13076 /* OZIL.jpg */,
				41FCC6111CD1223100E13076 /* PIQUE.jpg */,
				41FCC6121CD1223100E13076 /* PIRLO.jpg */,
				41FCC6131CD1223100E13076 /* RAMOS.jpg */,
				41FCC6141CD1223100E13076 /* ROBEN.jpg */,
				41FCC6151CD1223100E13076 /* RONALDINHO.jpg */,
				41FCC6161CD1223100E13076 /* RONALDO.jpg */,
				41FCC6171CD1223100E13076 /* ROONEY.jpg */,
				41FCC6181CD1223100E13076 /* SAUREZ.jpg */,
				41FCC6191CD1223100E13076 /* SILVA.jpg */,
				41FCC61B1CD1223100E13076 /* VILLA.jpg */,
				41C190F01CD5F86600A9A535 /* XAVI.jpg */,
			);
			name = Celbrity;
			sourceTree = "<group>";
		};
		7E3DE3351A5072290034B85A = {
			isa = PBXGroup;
			children = (
				4110C02F1CD5BC0B005C5B47 /* AdSupport.framework */,
				4110C02D1CD5B473005C5B47 /* iAd.framework */,
				7E5583131A5702D40091D011 /* AVFoundation.framework */,
				7E5583111A57023B0091D011 /* AudioToolbox.framework */,
				7E3DE3401A5072290034B85A /* GuessCelebrity */,
				7E3DE35A1A5072290034B85A /* GuessCelebrityTests */,
				7E3DE33F1A5072290034B85A /* Products */,
			);
			sourceTree = "<group>";
		};
		7E3DE33F1A5072290034B85A /* Products */ = {
			isa = PBXGroup;
			children = (
				7E3DE33E1A5072290034B85A /* GuessThePlayers.app */,
				7E3DE3571A5072290034B85A /* GuessThePlayers.xctest */,
			);
			name = Products;
			sourceTree = "<group>";
		};
		7E3DE3401A5072290034B85A /* GuessCelebrity */ = {
			isa = PBXGroup;
			children = (
				7E3DE3451A5072290034B85A /* AppDelegate.h */,
				7E3DE3461A5072290034B85A /* AppDelegate.m */,
				7E87A3241A64359C00056128 /* InitialViewController.h */,
				7E87A3251A64359C00056128 /* InitialViewController.m */,
				41DE8C801CCD1D52000FE789 /* LabelViewController.h */,
				41DE8C811CCD1D52000FE789 /* LabelViewController.m */,
				7E3DE3481A5072290034B85A /* GamePlayViewController.h */,
				7E3DE3491A5072290034B85A /* GamePlayViewController.m */,
				41E800AA1CD3B84500788983 /* InstructionViewController.h */,
				41E800AB1CD3B84500788983 /* InstructionViewController.m */,
				41769D011CD50D0B009B1EF0 /* CustomView */,
				7EA757421A66DE3A00D97EE0 /* Data Model */,
				7E3DE34B1A5072290034B85A /* Main.storyboard */,
				7E3DE34E1A5072290034B85A /* Images.xcassets */,
				7E3DE3501A5072290034B85A /* LaunchScreen.xib */,
				7E3DE3411A5072290034B85A /* Supporting Files */,
			);
			path = GuessCelebrity;
			sourceTree = "<group>";
		};
		7E3DE3411A5072290034B85A /* Supporting Files */ = {
			isa = PBXGroup;
			children = (
				53A957831CC805D90013EE51 /* background_music2.wav */,
				7E55830F1A57015B0091D011 /* tap-sound.mp3 */,
				41C190EC1CD5F10F00A9A535 /* Apple Chancery.ttf */,
				41FCC5FC1CD121FF00E13076 /* Celbrity */,
				7E5583081A56F1730091D011 /* Img */,
				7E3DE3421A5072290034B85A /* Info.plist */,
				7E5293971A681F8100433133 /* Celebrity.plist */,
				41FCC63F1CD1258D00E13076 /* Test.plist */,
				7E3DE3431A5072290034B85A /* main.m */,
			);
			name = "Supporting Files";
			sourceTree = "<group>";
		};
		7E3DE35A1A5072290034B85A /* GuessCelebrityTests */ = {
			isa = PBXGroup;
			children = (
				7E3DE35D1A5072290034B85A /* GuessCelebrityTests.m */,
				7E3DE35B1A5072290034B85A /* Supporting Files */,
			);
			path = GuessCelebrityTests;
			sourceTree = "<group>";
		};
		7E3DE35B1A5072290034B85A /* Supporting Files */ = {
			isa = PBXGroup;
			children = (
				7E3DE35C1A5072290034B85A /* Info.plist */,
			);
			name = "Supporting Files";
			sourceTree = "<group>";
		};
		7E5583081A56F1730091D011 /* Img */ = {
			isa = PBXGroup;
			children = (
				5361BBC41CD5314400CE05C2 /* reset.png */,
				5361BBC51CD5314400CE05C2 /* reset@2x.png */,
				5361BBC61CD5314400CE05C2 /* reset@3x.png */,
				5361BBB21CD52F7A00CE05C2 /* lock.png */,
				5361BBB31CD52F7A00CE05C2 /* lock@2x.png */,
				5361BBB41CD52F7A00CE05C2 /* lock@3x.png */,
				5361BBB51CD52F7A00CE05C2 /* unlock.png */,
				5361BBB61CD52F7A00CE05C2 /* unlock@2x.png */,
				5361BBB71CD52F7A00CE05C2 /* unlock@3x.png */,
				5361BBAC1CD52B4A00CE05C2 /* back.png */,
				4110C0311CD5BEF3005C5B47 /* close@2x.png */,
				4110C0321CD5BEF3005C5B47 /* close@3x.png */,
				5361BBAD1CD52B4A00CE05C2 /* back@2x.png */,
				5361BBAE1CD52B4A00CE05C2 /* back@3x.png */,
				5361BBA61CD5268400CE05C2 /* info.png */,
				5361BBA71CD5268400CE05C2 /* info@2x.png */,
				5361BBA81CD5268400CE05C2 /* info@3x.png */,
				5361BBA01CD5251200CE05C2 /* sound_on.png */,
				5361BBA11CD5251200CE05C2 /* sound_on@2x.png */,
				5361BBA21CD5251200CE05C2 /* sound_on@3x.png */,
				5361BB9A1CD5238800CE05C2 /* sound_off.png */,
				5361BB9B1CD5238800CE05C2 /* sound_off@2x.png */,
				5361BB9C1CD5238800CE05C2 /* sound_off@3x.png */,
				5361BB881CD520B700CE05C2 /* music_off.png */,
				5361BB891CD520B700CE05C2 /* music_off@2x.png */,
				5361BB8A1CD520B700CE05C2 /* music_off@3x.png */,
				5361BB821CD5206300CE05C2 /* music_on.png */,
				5361BB831CD5206300CE05C2 /* music_on@2x.png */,
				5361BB841CD5206300CE05C2 /* music_on@3x.png */,
				41C8FCF01CD279610057F6DE /* restart@2x.png */,
				41C8FCF11CD279610057F6DE /* restart@3x.png */,
				41FBDCB91A6C1BDA00588B51 /* share1.png */,
				41FBDCBD1A6C26C900588B51 /* share2@2x.png */,
				7E87A3221A641C1C00056128 /* grid.jpg */,
				7E55830A1A56F1730091D011 /* rolando.jpeg */,
			);
			path = Img;
			sourceTree = "<group>";
		};
		7EA757421A66DE3A00D97EE0 /* Data Model */ = {
			isa = PBXGroup;
			children = (
				7EA7573F1A66DBAC00D97EE0 /* GameController.h */,
				7EA757401A66DBAC00D97EE0 /* GameController.m */,
				7E5583151A5706A90091D011 /* Global.h */,
				7E3DE3671A5073360034B85A /* ImageGrid.h */,
				7E3DE3681A5073360034B85A /* ImageGrid.m */,
				7E9681251A598AA3005F27B6 /* PrepareString.h */,
				7E9681261A598AA3005F27B6 /* PrepareString.m */,
			);
			name = "Data Model";
			sourceTree = "<group>";
		};
/* End PBXGroup section */

/* Begin PBXNativeTarget section */
		7E3DE33D1A5072290034B85A /* GuessThePlayers */ = {
			isa = PBXNativeTarget;
			buildConfigurationList = 7E3DE3611A5072290034B85A /* Build configuration list for PBXNativeTarget "GuessThePlayers" */;
			buildPhases = (
				7E3DE33A1A5072290034B85A /* Sources */,
				7E3DE33B1A5072290034B85A /* Frameworks */,
				7E3DE33C1A5072290034B85A /* Resources */,
			);
			buildRules = (
			);
			dependencies = (
			);
			name = GuessThePlayers;
			productName = GuessCelebrity;
			productReference = 7E3DE33E1A5072290034B85A /* GuessThePlayers.app */;
			productType = "com.apple.product-type.application";
		};
		7E3DE3561A5072290034B85A /* GuessThePlayersTests */ = {
			isa = PBXNativeTarget;
			buildConfigurationList = 7E3DE3641A5072290034B85A /* Build configuration list for PBXNativeTarget "GuessThePlayersTests" */;
			buildPhases = (
				7E3DE3531A5072290034B85A /* Sources */,
				7E3DE3541A5072290034B85A /* Frameworks */,
				7E3DE3551A5072290034B85A /* Resources */,
			);
			buildRules = (
			);
			dependencies = (
				7E3DE3591A5072290034B85A /* PBXTargetDependency */,
			);
			name = GuessThePlayersTests;
			productName = GuessCelebrityTests;
			productReference = 7E3DE3571A5072290034B85A /* GuessThePlayers.xctest */;
			productType = "com.apple.product-type.bundle.unit-test";
		};
/* End PBXNativeTarget section */

/* Begin PBXProject section */
		7E3DE3361A5072290034B85A /* Project object */ = {
			isa = PBXProject;
			attributes = {
				LastUpgradeCheck = 0600;
				ORGANIZATIONNAME = Muzahid;
				TargetAttributes = {
					7E3DE33D1A5072290034B85A = {
						CreatedOnToolsVersion = 6.0;
						DevelopmentTeam = 4JVW9549Y3;
					};
					7E3DE3561A5072290034B85A = {
						CreatedOnToolsVersion = 6.0;
						TestTargetID = 7E3DE33D1A5072290034B85A;
					};
				};
			};
			buildConfigurationList = 7E3DE3391A5072290034B85A /* Build configuration list for PBXProject "GuessThePlayers" */;
			compatibilityVersion = "Xcode 3.2";
			developmentRegion = English;
			hasScannedForEncodings = 0;
			knownRegions = (
				en,
				Base,
			);
			mainGroup = 7E3DE3351A5072290034B85A;
			productRefGroup = 7E3DE33F1A5072290034B85A /* Products */;
			projectDirPath = "";
			projectRoot = "";
			targets = (
				7E3DE33D1A5072290034B85A /* GuessThePlayers */,
				7E3DE3561A5072290034B85A /* GuessThePlayersTests */,
			);
		};
/* End PBXProject section */

/* Begin PBXResourcesBuildPhase section */
		7E3DE33C1A5072290034B85A /* Resources */ = {
			isa = PBXResourcesBuildPhase;
			buildActionMask = 2147483647;
			files = (
				41FCC63C1CD1223100E13076 /* VILLA.jpg in Resources */,
				5361BBC71CD5314400CE05C2 /* reset.png in Resources */,
				41FCC6321CD1223100E13076 /* PIQUE.jpg in Resources */,
				41EAC3D71CD19169005EE872 /* KHEDIRA.jpg in Resources */,
				5361BBC81CD5314400CE05C2 /* reset@2x.png in Resources */,
				5361BBAB1CD5268400CE05C2 /* info@3x.png in Resources */,
				5361BB8D1CD520B700CE05C2 /* music_off@3x.png in Resources */,
				41FCC63A1CD1223100E13076 /* SILVA.jpg in Resources */,
				53A957841CC805D90013EE51 /* background_music2.wav in Resources */,
				41FCC62A1CD1223100E13076 /* HAZARD.jpg in Resources */,
				41FCC6331CD1223100E13076 /* PIRLO.jpg in Resources */,
				5361BBC91CD5314400CE05C2 /* reset@3x.png in Resources */,
				41FCC6351CD1223100E13076 /* ROBEN.jpg in Resources */,
				41C190ED1CD5F17A00A9A535 /* Apple Chancery.ttf in Resources */,
				5361BBB81CD52F7A00CE05C2 /* lock.png in Resources */,
				5361BBAA1CD5268400CE05C2 /* info@2x.png in Resources */,
				41EAC3D91CD19169005EE872 /* ZIDANE.jpg in Resources */,
				41FCC6361CD1223100E13076 /* RONALDINHO.jpg in Resources */,
				5361BB9D1CD5238800CE05C2 /* sound_off.png in Resources */,
				41FCC6341CD1223100E13076 /* RAMOS.jpg in Resources */,
				41EAC3D81CD19169005EE872 /* SNEIJDER.jpg in Resources */,
				5361BBA91CD5268400CE05C2 /* info.png in Resources */,
				5361BBA31CD5251200CE05C2 /* sound_on.png in Resources */,
				41C8FCF31CD279610057F6DE /* restart@3x.png in Resources */,
				41FCC6391CD1223100E13076 /* SAUREZ.jpg in Resources */,
				41FCC62D1CD1223100E13076 /* KAKA.jpg in Resources */,
				5361BBB11CD52B4A00CE05C2 /* back@3x.png in Resources */,
				41FCC62F1CD1223100E13076 /* NEYMAR.jpg in Resources */,
				41FCC6271CD1223100E13076 /* BECKHAM.jpg in Resources */,
				5361BBBA1CD52F7A00CE05C2 /* lock@3x.png in Resources */,
				7E5583101A57015B0091D011 /* tap-sound.mp3 in Resources */,
				5361BB861CD5206300CE05C2 /* music_on@2x.png in Resources */,
				41FBDCBA1A6C1BDA00588B51 /* share1.png in Resources */,
				41EAC3D61CD19169005EE872 /* DIMARIA.jpg in Resources */,
				41FCC6261CD1223100E13076 /* BALE.jpg in Resources */,
				41FCC6371CD1223100E13076 /* RONALDO.jpg in Resources */,
				7E87A3231A641C1C00056128 /* grid.jpg in Resources */,
				41EAC3D41CD19169005EE872 /* CASILLAS.jpg in Resources */,
				41FCC6311CD1223100E13076 /* OZIL.jpg in Resources */,
				41FBDCBE1A6C26C900588B51 /* share2@2x.png in Resources */,
				41FCC62B1CD1223100E13076 /* IBRA.jpg in Resources */,
				41EAC3D51CD19169005EE872 /* DEGEA.jpg in Resources */,
				7E3DE34D1A5072290034B85A /* Main.storyboard in Resources */,
				41C190F11CD5F86600A9A535 /* XAVI.jpg in Resources */,
				4110C0341CD5BEF3005C5B47 /* close@3x.png in Resources */,
				5361BB871CD5206300CE05C2 /* music_on@3x.png in Resources */,
				5361BBAF1CD52B4A00CE05C2 /* back.png in Resources */,
				41FCC62E1CD1223100E13076 /* MESSI.jpg in Resources */,
				5361BBA51CD5251200CE05C2 /* sound_on@3x.png in Resources */,
				5361BBBD1CD52F7A00CE05C2 /* unlock@3x.png in Resources */,
				5361BB8B1CD520B700CE05C2 /* music_off.png in Resources */,
				41FCC6291CD1223100E13076 /* GIGGS.jpg in Resources */,
				5361BB9E1CD5238800CE05C2 /* sound_off@2x.png in Resources */,
				4110C0331CD5BEF3005C5B47 /* close@2x.png in Resources */,
				5361BB8C1CD520B700CE05C2 /* music_off@2x.png in Resources */,
				41FCC6301CD1223100E13076 /* NUER.jpg in Resources */,
				41FCC6381CD1223100E13076 /* ROONEY.jpg in Resources */,
				538F59061CD5D0FA0067A6F0 /* MARADONA.jpg in Resources */,
				7E3DE3521A5072290034B85A /* LaunchScreen.xib in Resources */,
				5361BBA41CD5251200CE05C2 /* sound_on@2x.png in Resources */,
				41EAC3DB1CD191C6005EE872 /* ALONSO.jpg in Resources */,
				7E5293981A681F8100433133 /* Celebrity.plist in Resources */,
				41C8FCF21CD279610057F6DE /* restart@2x.png in Resources */,
				41C190EF1CD5F73A00A9A535 /* VANPERSIE.jpg in Resources */,
				5361BB9F1CD5238800CE05C2 /* sound_off@3x.png in Resources */,
				7E55830C1A56F1730091D011 /* rolando.jpeg in Resources */,
				5361BBBB1CD52F7A00CE05C2 /* unlock.png in Resources */,
				538F59071CD5D0FA0067A6F0 /* PELE.jpg in Resources */,
				5361BBB01CD52B4A00CE05C2 /* back@2x.png in Resources */,
				5361BBBC1CD52F7A00CE05C2 /* unlock@2x.png in Resources */,
				5361BB851CD5206300CE05C2 /* music_on.png in Resources */,
				41FCC62C1CD1223100E13076 /* INESTA.jpg in Resources */,
				41FCC6281CD1223100E13076 /* COSTA.jpg in Resources */,
				5361BBB91CD52F7A00CE05C2 /* lock@2x.png in Resources */,
				41FCC6401CD1258D00E13076 /* Test.plist in Resources */,
				7E3DE34F1A5072290034B85A /* Images.xcassets in Resources */,
			);
			runOnlyForDeploymentPostprocessing = 0;
		};
		7E3DE3551A5072290034B85A /* Resources */ = {
			isa = PBXResourcesBuildPhase;
			buildActionMask = 2147483647;
			files = (
			);
			runOnlyForDeploymentPostprocessing = 0;
		};
/* End PBXResourcesBuildPhase section */

/* Begin PBXSourcesBuildPhase section */
		7E3DE33A1A5072290034B85A /* Sources */ = {
			isa = PBXSourcesBuildPhase;
			buildActionMask = 2147483647;
			files = (
				7E3DE34A1A5072290034B85A /* GamePlayViewController.m in Sources */,
				7E3DE3471A5072290034B85A /* AppDelegate.m in Sources */,
				7E3DE3441A5072290034B85A /* main.m in Sources */,
				7E87A3261A64359C00056128 /* InitialViewController.m in Sources */,
				41E800AC1CD3B84500788983 /* InstructionViewController.m in Sources */,
				7EA757411A66DBAC00D97EE0 /* GameController.m in Sources */,
				7E9681271A598AA3005F27B6 /* PrepareString.m in Sources */,
				7E3DE3691A5073360034B85A /* ImageGrid.m in Sources */,
				41DE8C821CCD1D52000FE789 /* LabelViewController.m in Sources */,
				41769D041CD50D50009B1EF0 /* CustomLabel.m in Sources */,
			);
			runOnlyForDeploymentPostprocessing = 0;
		};
		7E3DE3531A5072290034B85A /* Sources */ = {
			isa = PBXSourcesBuildPhase;
			buildActionMask = 2147483647;
			files = (
				7E3DE35E1A5072290034B85A /* GuessCelebrityTests.m in Sources */,
			);
			runOnlyForDeploymentPostprocessing = 0;
		};
/* End PBXSourcesBuildPhase section */

/* Begin PBXTargetDependency section */
		7E3DE3591A5072290034B85A /* PBXTargetDependency */ = {
			isa = PBXTargetDependency;
			target = 7E3DE33D1A5072290034B85A /* GuessThePlayers */;
			targetProxy = 7E3DE3581A5072290034B85A /* PBXContainerItemProxy */;
		};
/* End PBXTargetDependency section */

/* Begin PBXVariantGroup section */
		7E3DE34B1A5072290034B85A /* Main.storyboard */ = {
			isa = PBXVariantGroup;
			children = (
				7E3DE34C1A5072290034B85A /* Base */,
			);
			name = Main.storyboard;
			sourceTree = "<group>";
		};
		7E3DE3501A5072290034B85A /* LaunchScreen.xib */ = {
			isa = PBXVariantGroup;
			children = (
				7E3DE3511A5072290034B85A /* Base */,
			);
			name = LaunchScreen.xib;
			sourceTree = "<group>";
		};
/* End PBXVariantGroup section */

/* Begin XCBuildConfiguration section */
		7E3DE35F1A5072290034B85A /* Debug */ = {
			isa = XCBuildConfiguration;
			buildSettings = {
				ALWAYS_SEARCH_USER_PATHS = NO;
				CLANG_CXX_LANGUAGE_STANDARD = "gnu++0x";
				CLANG_CXX_LIBRARY = "libc++";
				CLANG_ENABLE_MODULES = YES;
				CLANG_ENABLE_OBJC_ARC = YES;
				CLANG_WARN_BOOL_CONVERSION = YES;
				CLANG_WARN_CONSTANT_CONVERSION = YES;
				CLANG_WARN_DIRECT_OBJC_ISA_USAGE = YES_ERROR;
				CLANG_WARN_EMPTY_BODY = YES;
				CLANG_WARN_ENUM_CONVERSION = YES;
				CLANG_WARN_INT_CONVERSION = YES;
				CLANG_WARN_OBJC_ROOT_CLASS = YES_ERROR;
				CLANG_WARN_UNREACHABLE_CODE = YES;
				CLANG_WARN__DUPLICATE_METHOD_MATCH = YES;
				"CODE_SIGN_IDENTITY[sdk=iphoneos*]" = "iPhone Developer";
				COPY_PHASE_STRIP = NO;
				ENABLE_STRICT_OBJC_MSGSEND = YES;
				GCC_C_LANGUAGE_STANDARD = gnu99;
				GCC_DYNAMIC_NO_PIC = NO;
				GCC_OPTIMIZATION_LEVEL = 0;
				GCC_PREPROCESSOR_DEFINITIONS = (
					"DEBUG=1",
					"$(inherited)",
				);
				GCC_SYMBOLS_PRIVATE_EXTERN = NO;
				GCC_WARN_64_TO_32_BIT_CONVERSION = YES;
				GCC_WARN_ABOUT_RETURN_TYPE = YES_ERROR;
				GCC_WARN_UNDECLARED_SELECTOR = YES;
				GCC_WARN_UNINITIALIZED_AUTOS = YES_AGGRESSIVE;
				GCC_WARN_UNUSED_FUNCTION = YES;
				GCC_WARN_UNUSED_VARIABLE = YES;
				IPHONEOS_DEPLOYMENT_TARGET = 8.0;
				MTL_ENABLE_DEBUG_INFO = YES;
				ONLY_ACTIVE_ARCH = YES;
				SDKROOT = iphoneos;
				TARGETED_DEVICE_FAMILY = "1,2";
			};
			name = Debug;
		};
		7E3DE3601A5072290034B85A /* Release */ = {
			isa = XCBuildConfiguration;
			buildSettings = {
				ALWAYS_SEARCH_USER_PATHS = NO;
				CLANG_CXX_LANGUAGE_STANDARD = "gnu++0x";
				CLANG_CXX_LIBRARY = "libc++";
				CLANG_ENABLE_MODULES = YES;
				CLANG_ENABLE_OBJC_ARC = YES;
				CLANG_WARN_BOOL_CONVERSION = YES;
				CLANG_WARN_CONSTANT_CONVERSION = YES;
				CLANG_WARN_DIRECT_OBJC_ISA_USAGE = YES_ERROR;
				CLANG_WARN_EMPTY_BODY = YES;
				CLANG_WARN_ENUM_CONVERSION = YES;
				CLANG_WARN_INT_CONVERSION = YES;
				CLANG_WARN_OBJC_ROOT_CLASS = YES_ERROR;
				CLANG_WARN_UNREACHABLE_CODE = YES;
				CLANG_WARN__DUPLICATE_METHOD_MATCH = YES;
				"CODE_SIGN_IDENTITY[sdk=iphoneos*]" = "iPhone Developer";
				COPY_PHASE_STRIP = YES;
				ENABLE_NS_ASSERTIONS = NO;
				ENABLE_STRICT_OBJC_MSGSEND = YES;
				GCC_C_LANGUAGE_STANDARD = gnu99;
				GCC_WARN_64_TO_32_BIT_CONVERSION = YES;
				GCC_WARN_ABOUT_RETURN_TYPE = YES_ERROR;
				GCC_WARN_UNDECLARED_SELECTOR = YES;
				GCC_WARN_UNINITIALIZED_AUTOS = YES_AGGRESSIVE;
				GCC_WARN_UNUSED_FUNCTION = YES;
				GCC_WARN_UNUSED_VARIABLE = YES;
				IPHONEOS_DEPLOYMENT_TARGET = 8.0;
				MTL_ENABLE_DEBUG_INFO = NO;
				SDKROOT = iphoneos;
				TARGETED_DEVICE_FAMILY = "1,2";
				VALIDATE_PRODUCT = YES;
			};
			name = Release;
		};
		7E3DE3621A5072290034B85A /* Debug */ = {
			isa = XCBuildConfiguration;
			buildSettings = {
				ASSETCATALOG_COMPILER_APPICON_NAME = AppIcon;
				ASSETCATALOG_COMPILER_LAUNCHIMAGE_NAME = LaunchImage;
				CODE_SIGN_IDENTITY = "iPhone Developer";
				"CODE_SIGN_IDENTITY[sdk=iphoneos*]" = "iPhone Developer";
				INFOPLIST_FILE = GuessCelebrity/Info.plist;
				IPHONEOS_DEPLOYMENT_TARGET = 7.0;
				LD_RUNPATH_SEARCH_PATHS = "$(inherited) @executable_path/Frameworks";
				PRODUCT_BUNDLE_IDENTIFIER = com.supertuperapps.guesstheplayers;
				PRODUCT_NAME = GuessThePlayers;
				PROVISIONING_PROFILE = "";
				TARGETED_DEVICE_FAMILY = 1;
			};
			name = Debug;
		};
		7E3DE3631A5072290034B85A /* Release */ = {
			isa = XCBuildConfiguration;
			buildSettings = {
				ASSETCATALOG_COMPILER_APPICON_NAME = AppIcon;
				ASSETCATALOG_COMPILER_LAUNCHIMAGE_NAME = LaunchImage;
				CODE_SIGN_IDENTITY = "iPhone Developer";
				"CODE_SIGN_IDENTITY[sdk=iphoneos*]" = "iPhone Developer";
				INFOPLIST_FILE = GuessCelebrity/Info.plist;
				IPHONEOS_DEPLOYMENT_TARGET = 7.0;
				LD_RUNPATH_SEARCH_PATHS = "$(inherited) @executable_path/Frameworks";
				PRODUCT_BUNDLE_IDENTIFIER = com.supertuperapps.guesstheplayers;
				PRODUCT_NAME = GuessThePlayers;
				PROVISIONING_PROFILE = "";
				TARGETED_DEVICE_FAMILY = 1;
			};
			name = Release;
		};
		7E3DE3651A5072290034B85A /* Debug */ = {
			isa = XCBuildConfiguration;
			buildSettings = {
				BUNDLE_LOADER = "$(TEST_HOST)";
				FRAMEWORK_SEARCH_PATHS = (
					"$(SDKROOT)/Developer/Library/Frameworks",
					"$(inherited)",
				);
				GCC_PREPROCESSOR_DEFINITIONS = (
					"DEBUG=1",
					"$(inherited)",
				);
				INFOPLIST_FILE = GuessCelebrityTests/Info.plist;
				LD_RUNPATH_SEARCH_PATHS = "$(inherited) @executable_path/Frameworks @loader_path/Frameworks";
				PRODUCT_NAME = GuessThePlayers;
				TEST_HOST = "$(BUILT_PRODUCTS_DIR)/GuessThePlayers.app/GuessThePlayers";
			};
			name = Debug;
		};
		7E3DE3661A5072290034B85A /* Release */ = {
			isa = XCBuildConfiguration;
			buildSettings = {
				BUNDLE_LOADER = "$(TEST_HOST)";
				FRAMEWORK_SEARCH_PATHS = (
					"$(SDKROOT)/Developer/Library/Frameworks",
					"$(inherited)",
				);
				INFOPLIST_FILE = GuessCelebrityTests/Info.plist;
				LD_RUNPATH_SEARCH_PATHS = "$(inherited) @executable_path/Frameworks @loader_path/Frameworks";
				PRODUCT_NAME = GuessThePlayers;
				TEST_HOST = "$(BUILT_PRODUCTS_DIR)/GuessThePlayers.app/GuessThePlayers";
			};
			name = Release;
		};
/* End XCBuildConfiguration section */

/* Begin XCConfigurationList section */
		7E3DE3391A5072290034B85A /* Build configuration list for PBXProject "GuessThePlayers" */ = {
			isa = XCConfigurationList;
			buildConfigurations = (
				7E3DE35F1A5072290034B85A /* Debug */,
				7E3DE3601A5072290034B85A /* Release */,
			);
			defaultConfigurationIsVisible = 0;
			defaultConfigurationName = Release;
		};
		7E3DE3611A5072290034B85A /* Build configuration list for PBXNativeTarget "GuessThePlayers" */ = {
			isa = XCConfigurationList;
			buildConfigurations = (
				7E3DE3621A5072290034B85A /* Debug */,
				7E3DE3631A5072290034B85A /* Release */,
			);
			defaultConfigurationIsVisible = 0;
			defaultConfigurationName = Release;
		};
		7E3DE3641A5072290034B85A /* Build configuration list for PBXNativeTarget "GuessThePlayersTests" */ = {
			isa = XCConfigurationList;
			buildConfigurations = (
				7E3DE3651A5072290034B85A /* Debug */,
				7E3DE3661A5072290034B85A /* Release */,
			);
			defaultConfigurationIsVisible = 0;
			defaultConfigurationName = Release;
		};
/* End XCConfigurationList section */
	};
	rootObject = 7E3DE3361A5072290034B85A /* Project object */;
}
